{
  "name": "playground-snyk",
  "version": "1.0.0",
  "lockfileVersion": 3,
  "requires": true,
  "packages": {
    "": {
      "name": "playground-snyk",
      "version": "1.0.0",
      "license": "ISC",
      "dependencies": {
        "lodash": "^4.16.6"
      }
    },
    "node_modules/lodash": {
      "version": "4.16.6",
      "resolved": "https://registry.npmjs.org/lodash/-/lodash-4.16.6.tgz",
      "integrity": "sha512-QXrLkYI2gXjL0QoQ9j932ca+Oh/wCUBeZULjqsJy78KjntrohXawEoOfgA2fXwy4vKh7OTD00p757/pUROtv+w=="
    }
  }
}
